// !$*UTF8*$!
{
	archiveVersion = 1;
	classes = {
	};
	objectVersion = 50;
	objects = {

/* Begin PBXBuildFile section */
		BA0CDF482679F09D00C03149 /* Apple_FrameworksApp.swift in Sources */ = {isa = PBXBuildFile; fileRef = BA0CDF472679F09D00C03149 /* Apple_FrameworksApp.swift */; };
		BA0CDF4C2679F09F00C03149 /* Assets.xcassets in Resources */ = {isa = PBXBuildFile; fileRef = BA0CDF4B2679F09F00C03149 /* Assets.xcassets */; };
		BA0CDF4F2679F09F00C03149 /* Preview Assets.xcassets in Resources */ = {isa = PBXBuildFile; fileRef = BA0CDF4E2679F09F00C03149 /* Preview Assets.xcassets */; };
		BA0CDF572679F0CD00C03149 /* Framework.swift in Sources */ = {isa = PBXBuildFile; fileRef = BA0CDF562679F0CD00C03149 /* Framework.swift */; };
		BA0CDF592679F54900C03149 /* FrameworkGridView.swift in Sources */ = {isa = PBXBuildFile; fileRef = BA0CDF582679F54900C03149 /* FrameworkGridView.swift */; };
		BA0CDF5B2679FD8100C03149 /* FrameworkDetailView.swift in Sources */ = {isa = PBXBuildFile; fileRef = BA0CDF5A2679FD8100C03149 /* FrameworkDetailView.swift */; };
		BA0CDF5D2679FFA900C03149 /* AFButton.swift in Sources */ = {isa = PBXBuildFile; fileRef = BA0CDF5C2679FFA900C03149 /* AFButton.swift */; };
		BA0CDF5F267A029500C03149 /* FrameworkGridViewModel.swift in Sources */ = {isa = PBXBuildFile; fileRef = BA0CDF5E267A029500C03149 /* FrameworkGridViewModel.swift */; };
		BA741D7D267C345D0089FA71 /* SafariView.swift in Sources */ = {isa = PBXBuildFile; fileRef = BA741D7C267C345D0089FA71 /* SafariView.swift */; };
		BA741D7F267C38880089FA71 /* FrameworkTItleView.swift in Sources */ = {isa = PBXBuildFile; fileRef = BA741D7E267C38880089FA71 /* FrameworkTItleView.swift */; };
		BA741D81267C390B0089FA71 /* XDismissButton.swift in Sources */ = {isa = PBXBuildFile; fileRef = BA741D80267C390B0089FA71 /* XDismissButton.swift */; };
/* End PBXBuildFile section */

/* Begin PBXFileReference section */
		BA0CDF442679F09D00C03149 /* Apple-Frameworks.app */ = {isa = PBXFileReference; explicitFileType = wrapper.application; includeInIndex = 0; path = "Apple-Frameworks.app"; sourceTree = BUILT_PRODUCTS_DIR; };
		BA0CDF472679F09D00C03149 /* Apple_FrameworksApp.swift */ = {isa = PBXFileReference; lastKnownFileType = sourcecode.swift; path = Apple_FrameworksApp.swift; sourceTree = "<group>"; };
		BA0CDF4B2679F09F00C03149 /* Assets.xcassets */ = {isa = PBXFileReference; lastKnownFileType = folder.assetcatalog; path = Assets.xcassets; sourceTree = "<group>"; };
		BA0CDF4E2679F09F00C03149 /* Preview Assets.xcassets */ = {isa = PBXFileReference; lastKnownFileType = folder.assetcatalog; path = "Preview Assets.xcassets"; sourceTree = "<group>"; };
		BA0CDF502679F09F00C03149 /* Info.plist */ = {isa = PBXFileReference; lastKnownFileType = text.plist.xml; path = Info.plist; sourceTree = "<group>"; };
		BA0CDF562679F0CD00C03149 /* Framework.swift */ = {isa = PBXFileReference; lastKnownFileType = sourcecode.swift; path = Framework.swift; sourceTree = "<group>"; };
		BA0CDF582679F54900C03149 /* FrameworkGridView.swift */ = {isa = PBXFileReference; lastKnownFileType = sourcecode.swift; path = FrameworkGridView.swift; sourceTree = "<group>"; };
		BA0CDF5A2679FD8100C03149 /* FrameworkDetailView.swift */ = {isa = PBXFileReference; lastKnownFileType = sourcecode.swift; path = FrameworkDetailView.swift; sourceTree = "<group>"; };
		BA0CDF5C2679FFA900C03149 /* AFButton.swift */ = {isa = PBXFileReference; lastKnownFileType = sourcecode.swift; path = AFButton.swift; sourceTree = "<group>"; };
		BA0CDF5E267A029500C03149 /* FrameworkGridViewModel.swift */ = {isa = PBXFileReference; lastKnownFileType = sourcecode.swift; path = FrameworkGridViewModel.swift; sourceTree = "<group>"; };
		BA741D7C267C345D0089FA71 /* SafariView.swift */ = {isa = PBXFileReference; lastKnownFileType = sourcecode.swift; path = SafariView.swift; sourceTree = "<group>"; };
		BA741D7E267C38880089FA71 /* FrameworkTItleView.swift */ = {isa = PBXFileReference; lastKnownFileType = sourcecode.swift; path = FrameworkTItleView.swift; sourceTree = "<group>"; };
		BA741D80267C390B0089FA71 /* XDismissButton.swift */ = {isa = PBXFileReference; lastKnownFileType = sourcecode.swift; path = XDismissButton.swift; sourceTree = "<group>"; };
/* End PBXFileReference section */

/* Begin PBXFrameworksBuildPhase section */
		BA0CDF412679F09D00C03149 /* Frameworks */ = {
			isa = PBXFrameworksBuildPhase;
			buildActionMask = 2147483647;
			files = (
			);
			runOnlyForDeploymentPostprocessing = 0;
		};
/* End PBXFrameworksBuildPhase section */

/* Begin PBXGroup section */
		BA0CDF3B2679F09D00C03149 = {
			isa = PBXGroup;
			children = (
				BA0CDF462679F09D00C03149 /* Apple-Frameworks */,
				BA0CDF452679F09D00C03149 /* Products */,
			);
			sourceTree = "<group>";
		};
		BA0CDF452679F09D00C03149 /* Products */ = {
			isa = PBXGroup;
			children = (
				BA0CDF442679F09D00C03149 /* Apple-Frameworks.app */,
			);
			name = Products;
			sourceTree = "<group>";
		};
		BA0CDF462679F09D00C03149 /* Apple-Frameworks */ = {
			isa = PBXGroup;
			children = (
				BA741D89267C3A890089FA71 /* UIkit Components */,
				BA741D86267C3A600089FA71 /* Views */,
				BA741D85267C3A300089FA71 /* Model */,
				BA741D82267C39E20089FA71 /* Screens */,
				BA0CDF4B2679F09F00C03149 /* Assets.xcassets */,
				BA0CDF502679F09F00C03149 /* Info.plist */,
				BA0CDF4D2679F09F00C03149 /* Preview Content */,
			);
			path = "Apple-Frameworks";
			sourceTree = "<group>";
		};
		BA0CDF4D2679F09F00C03149 /* Preview Content */ = {
			isa = PBXGroup;
			children = (
				BA0CDF4E2679F09F00C03149 /* Preview Assets.xcassets */,
			);
			path = "Preview Content";
			sourceTree = "<group>";
		};
		BA741D82267C39E20089FA71 /* Screens */ = {
			isa = PBXGroup;
			children = (
				BA741D83267C39EF0089FA71 /* FrameworkGridView */,
				BA741D84267C3A180089FA71 /* FrameworkDetailView */,
			);
			path = Screens;
			sourceTree = "<group>";
		};
		BA741D83267C39EF0089FA71 /* FrameworkGridView */ = {
			isa = PBXGroup;
			children = (
				BA0CDF582679F54900C03149 /* FrameworkGridView.swift */,
				BA0CDF5E267A029500C03149 /* FrameworkGridViewModel.swift */,
			);
			path = FrameworkGridView;
			sourceTree = "<group>";
		};
		BA741D84267C3A180089FA71 /* FrameworkDetailView */ = {
			isa = PBXGroup;
			children = (
				BA0CDF5A2679FD8100C03149 /* FrameworkDetailView.swift */,
			);
			path = FrameworkDetailView;
			sourceTree = "<group>";
		};
		BA741D85267C3A300089FA71 /* Model */ = {
			isa = PBXGroup;
			children = (
				BA0CDF562679F0CD00C03149 /* Framework.swift */,
			);
			path = Model;
			sourceTree = "<group>";
		};
		BA741D86267C3A600089FA71 /* Views */ = {
			isa = PBXGroup;
			children = (
				BA741D88267C3A7D0089FA71 /* View */,
				BA741D87267C3A680089FA71 /* Buttons */,
			);
			path = Views;
			sourceTree = "<group>";
		};
		BA741D87267C3A680089FA71 /* Buttons */ = {
			isa = PBXGroup;
			children = (
				BA741D80267C390B0089FA71 /* XDismissButton.swift */,
				BA0CDF5C2679FFA900C03149 /* AFButton.swift */,
			);
			path = Buttons;
			sourceTree = "<group>";
		};
		BA741D88267C3A7D0089FA71 /* View */ = {
			isa = PBXGroup;
			children = (
				BA741D7E267C38880089FA71 /* FrameworkTItleView.swift */,
			);
			path = View;
			sourceTree = "<group>";
		};
		BA741D89267C3A890089FA71 /* UIkit Components */ = {
			isa = PBXGroup;
			children = (
				BA0CDF472679F09D00C03149 /* Apple_FrameworksApp.swift */,
				BA741D7C267C345D0089FA71 /* SafariView.swift */,
			);
			path = "UIkit Components";
			sourceTree = "<group>";
		};
/* End PBXGroup section */

/* Begin PBXNativeTarget section */
		BA0CDF432679F09D00C03149 /* Apple-Frameworks */ = {
			isa = PBXNativeTarget;
			buildConfigurationList = BA0CDF532679F09F00C03149 /* Build configuration list for PBXNativeTarget "Apple-Frameworks" */;
			buildPhases = (
				BA0CDF402679F09D00C03149 /* Sources */,
				BA0CDF412679F09D00C03149 /* Frameworks */,
				BA0CDF422679F09D00C03149 /* Resources */,
			);
			buildRules = (
			);
			dependencies = (
			);
			name = "Apple-Frameworks";
			productName = "Apple-Frameworks";
			productReference = BA0CDF442679F09D00C03149 /* Apple-Frameworks.app */;
			productType = "com.apple.product-type.application";
		};
/* End PBXNativeTarget section */

/* Begin PBXProject section */
		BA0CDF3C2679F09D00C03149 /* Project object */ = {
			isa = PBXProject;
			attributes = {
				LastSwiftUpdateCheck = 1250;
				LastUpgradeCheck = 1250;
				TargetAttributes = {
					BA0CDF432679F09D00C03149 = {
						CreatedOnToolsVersion = 12.5;
					};
				};
			};
			buildConfigurationList = BA0CDF3F2679F09D00C03149 /* Build configuration list for PBXProject "Apple-Frameworks" */;
			compatibilityVersion = "Xcode 9.3";
			developmentRegion = en;
			hasScannedForEncodings = 0;
			knownRegions = (
				en,
				Base,
			);
			mainGroup = BA0CDF3B2679F09D00C03149;
			productRefGroup = BA0CDF452679F09D00C03149 /* Products */;
			projectDirPath = "";
			projectRoot = "";
			targets = (
				BA0CDF432679F09D00C03149 /* Apple-Frameworks */,
			);
		};
/* End PBXProject section */

/* Begin PBXResourcesBuildPhase section */
		BA0CDF422679F09D00C03149 /* Resources */ = {
			isa = PBXResourcesBuildPhase;
			buildActionMask = 2147483647;
			files = (
				BA0CDF4F2679F09F00C03149 /* Preview Assets.xcassets in Resources */,
				BA0CDF4C2679F09F00C03149 /* Assets.xcassets in Resources */,
			);
			runOnlyForDeploymentPostprocessing = 0;
		};
/* End PBXResourcesBuildPhase section */

/* Begin PBXSourcesBuildPhase section */
		BA0CDF402679F09D00C03149 /* Sources */ = {
			isa = PBXSourcesBuildPhase;
			buildActionMask = 2147483647;
			files = (
				BA0CDF5B2679FD8100C03149 /* FrameworkDetailView.swift in Sources */,
				BA0CDF592679F54900C03149 /* FrameworkGridView.swift in Sources */,
				BA741D81267C390B0089FA71 /* XDismissButton.swift in Sources */,
				BA0CDF572679F0CD00C03149 /* Framework.swift in Sources */,
				BA0CDF5D2679FFA900C03149 /* AFButton.swift in Sources */,
				BA0CDF482679F09D00C03149 /* Apple_FrameworksApp.swift in Sources */,
				BA0CDF5F267A029500C03149 /* FrameworkGridViewModel.swift in Sources */,
				BA741D7F267C38880089FA71 /* FrameworkTItleView.swift in Sources */,
				BA741D7D267C345D0089FA71 /* SafariView.swift in Sources */,
			);
			runOnlyForDeploymentPostprocessing = 0;
		};
/* End PBXSourcesBuildPhase section */

/* Begin XCBuildConfiguration section */
		BA0CDF512679F09F00C03149 /* Debug */ = {
			isa = XCBuildConfiguration;
			buildSettings = {
				ALWAYS_SEARCH_USER_PATHS = NO;
				CLANG_ANALYZER_NONNULL = YES;
				CLANG_ANALYZER_NUMBER_OBJECT_CONVERSION = YES_AGGRESSIVE;
				CLANG_CXX_LANGUAGE_STANDARD = "gnu++14";
				CLANG_CXX_LIBRARY = "libc++";
				CLANG_ENABLE_MODULES = YES;
				CLANG_ENABLE_OBJC_ARC = YES;
				CLANG_ENABLE_OBJC_WEAK = YES;
				CLANG_WARN_BLOCK_CAPTURE_AUTORELEASING = YES;
				CLANG_WARN_BOOL_CONVERSION = YES;
				CLANG_WARN_COMMA = YES;
				CLANG_WARN_CONSTANT_CONVERSION = YES;
				CLANG_WARN_DEPRECATED_OBJC_IMPLEMENTATIONS = YES;
				CLANG_WARN_DIRECT_OBJC_ISA_USAGE = YES_ERROR;
				CLANG_WARN_DOCUMENTATION_COMMENTS = YES;
				CLANG_WARN_EMPTY_BODY = YES;
				CLANG_WARN_ENUM_CONVERSION = YES;
				CLANG_WARN_INFINITE_RECURSION = YES;
				CLANG_WARN_INT_CONVERSION = YES;
				CLANG_WARN_NON_LITERAL_NULL_CONVERSION = YES;
				CLANG_WARN_OBJC_IMPLICIT_RETAIN_SELF = YES;
				CLANG_WARN_OBJC_LITERAL_CONVERSION = YES;
				CLANG_WARN_OBJC_ROOT_CLASS = YES_ERROR;
				CLANG_WARN_QUOTED_INCLUDE_IN_FRAMEWORK_HEADER = YES;
				CLANG_WARN_RANGE_LOOP_ANALYSIS = YES;
				CLANG_WARN_STRICT_PROTOTYPES = YES;
				CLANG_WARN_SUSPICIOUS_MOVE = YES;
				CLANG_WARN_UNGUARDED_AVAILABILITY = YES_AGGRESSIVE;
				CLANG_WARN_UNREACHABLE_CODE = YES;
				CLANG_WARN__DUPLICATE_METHOD_MATCH = YES;
				COPY_PHASE_STRIP = NO;
				DEBUG_INFORMATION_FORMAT = dwarf;
				ENABLE_STRICT_OBJC_MSGSEND = YES;
				ENABLE_TESTABILITY = YES;
				GCC_C_LANGUAGE_STANDARD = gnu11;
				GCC_DYNAMIC_NO_PIC = NO;
				GCC_NO_COMMON_BLOCKS = YES;
				GCC_OPTIMIZATION_LEVEL = 0;
				GCC_PREPROCESSOR_DEFINITIONS = (
					"DEBUG=1",
					"$(inherited)",
				);
				GCC_WARN_64_TO_32_BIT_CONVERSION = YES;
				GCC_WARN_ABOUT_RETURN_TYPE = YES_ERROR;
				GCC_WARN_UNDECLARED_SELECTOR = YES;
				GCC_WARN_UNINITIALIZED_AUTOS = YES_AGGRESSIVE;
				GCC_WARN_UNUSED_FUNCTION = YES;
				GCC_WARN_UNUSED_VARIABLE = YES;
				IPHONEOS_DEPLOYMENT_TARGET = 14.5;
				MTL_ENABLE_DEBUG_INFO = INCLUDE_SOURCE;
				MTL_FAST_MATH = YES;
				ONLY_ACTIVE_ARCH = YES;
				SDKROOT = iphoneos;
				SWIFT_ACTIVE_COMPILATION_CONDITIONS = DEBUG;
				SWIFT_OPTIMIZATION_LEVEL = "-Onone";
			};
			name = Debug;
		};
		BA0CDF522679F09F00C03149 /* Release */ = {
			isa = XCBuildConfiguration;
			buildSettings = {
				ALWAYS_SEARCH_USER_PATHS = NO;
				CLANG_ANALYZER_NONNULL = YES;
				CLANG_ANALYZER_NUMBER_OBJECT_CONVERSION = YES_AGGRESSIVE;
				CLANG_CXX_LANGUAGE_STANDARD = "gnu++14";
				CLANG_CXX_LIBRARY = "libc++";
				CLANG_ENABLE_MODULES = YES;
				CLANG_ENABLE_OBJC_ARC = YES;
				CLANG_ENABLE_OBJC_WEAK = YES;
				CLANG_WARN_BLOCK_CAPTURE_AUTORELEASING = YES;
				CLANG_WARN_BOOL_CONVERSION = YES;
				CLANG_WARN_COMMA = YES;
				CLANG_WARN_CONSTANT_CONVERSION = YES;
				CLANG_WARN_DEPRECATED_OBJC_IMPLEMENTATIONS = YES;
				CLANG_WARN_DIRECT_OBJC_ISA_USAGE = YES_ERROR;
				CLANG_WARN_DOCUMENTATION_COMMENTS = YES;
				CLANG_WARN_EMPTY_BODY = YES;
				CLANG_WARN_ENUM_CONVERSION = YES;
				CLANG_WARN_INFINITE_RECURSION = YES;
				CLANG_WARN_INT_CONVERSION = YES;
				CLANG_WARN_NON_LITERAL_NULL_CONVERSION = YES;
				CLANG_WARN_OBJC_IMPLICIT_RETAIN_SELF = YES;
				CLANG_WARN_OBJC_LITERAL_CONVERSION = YES;
				CLANG_WARN_OBJC_ROOT_CLASS = YES_ERROR;
				CLANG_WARN_QUOTED_INCLUDE_IN_FRAMEWORK_HEADER = YES;
				CLANG_WARN_RANGE_LOOP_ANALYSIS = YES;
				CLANG_WARN_STRICT_PROTOTYPES = YES;
				CLANG_WARN_SUSPICIOUS_MOVE = YES;
				CLANG_WARN_UNGUARDED_AVAILABILITY = YES_AGGRESSIVE;
				CLANG_WARN_UNREACHABLE_CODE = YES;
				CLANG_WARN__DUPLICATE_METHOD_MATCH = YES;
				COPY_PHASE_STRIP = NO;
				DEBUG_INFORMATION_FORMAT = "dwarf-with-dsym";
				ENABLE_NS_ASSERTIONS = NO;
				ENABLE_STRICT_OBJC_MSGSEND = YES;
				GCC_C_LANGUAGE_STANDARD = gnu11;
				GCC_NO_COMMON_BLOCKS = YES;
				GCC_WARN_64_TO_32_BIT_CONVERSION = YES;
				GCC_WARN_ABOUT_RETURN_TYPE = YES_ERROR;
				GCC_WARN_UNDECLARED_SELECTOR = YES;
				GCC_WARN_UNINITIALIZED_AUTOS = YES_AGGRESSIVE;
				GCC_WARN_UNUSED_FUNCTION = YES;
				GCC_WARN_UNUSED_VARIABLE = YES;
				IPHONEOS_DEPLOYMENT_TARGET = 14.5;
				MTL_ENABLE_DEBUG_INFO = NO;
				MTL_FAST_MATH = YES;
				SDKROOT = iphoneos;
				SWIFT_COMPILATION_MODE = wholemodule;
				SWIFT_OPTIMIZATION_LEVEL = "-O";
				VALIDATE_PRODUCT = YES;
			};
			name = Release;
		};
		BA0CDF542679F09F00C03149 /* Debug */ = {
			isa = XCBuildConfiguration;
			buildSettings = {
				ASSETCATALOG_COMPILER_APPICON_NAME = AppIcon;
				ASSETCATALOG_COMPILER_GLOBAL_ACCENT_COLOR_NAME = AccentColor;
				CODE_SIGN_STYLE = Automatic;
				DEVELOPMENT_ASSET_PATHS = "\"Apple-Frameworks/Preview Content\"";
				ENABLE_PREVIEWS = YES;
				INFOPLIST_FILE = "Apple-Frameworks/Info.plist";
				IPHONEOS_DEPLOYMENT_TARGET = 14.0;
				LD_RUNPATH_SEARCH_PATHS = (
					"$(inherited)",
					"@executable_path/Frameworks",
				);
				PRODUCT_BUNDLE_IDENTIFIER = "vince.Apple-Frameworks";
				PRODUCT_NAME = "$(TARGET_NAME)";
				SWIFT_VERSION = 5.0;
				TARGETED_DEVICE_FAMILY = "1,2";
			};
			name = Debug;
		};
		BA0CDF552679F09F00C03149 /* Release */ = {
			isa = XCBuildConfiguration;
			buildSettings = {
				ASSETCATALOG_COMPILER_APPICON_NAME = AppIcon;
				ASSETCATALOG_COMPILER_GLOBAL_ACCENT_COLOR_NAME = AccentColor;
				CODE_SIGN_STYLE = Automatic;
				DEVELOPMENT_ASSET_PATHS = "\"Apple-Frameworks/Preview Content\"";
				ENABLE_PREVIEWS = YES;
				INFOPLIST_FILE = "Apple-Frameworks/Info.plist";
				IPHONEOS_DEPLOYMENT_TARGET = 14.0;
				LD_RUNPATH_SEARCH_PATHS = (
					"$(inherited)",
					"@executable_path/Frameworks",
				);
				PRODUCT_BUNDLE_IDENTIFIER = "vince.Apple-Frameworks";
				PRODUCT_NAME = "$(TARGET_NAME)";
				SWIFT_VERSION = 5.0;
				TARGETED_DEVICE_FAMILY = "1,2";
			};
			name = Release;
		};
/* End XCBuildConfiguration section */

/* Begin XCConfigurationList section */
		BA0CDF3F2679F09D00C03149 /* Build configuration list for PBXProject "Apple-Frameworks" */ = {
			isa = XCConfigurationList;
			buildConfigurations = (
				BA0CDF512679F09F00C03149 /* Debug */,
				BA0CDF522679F09F00C03149 /* Release */,
			);
			defaultConfigurationIsVisible = 0;
			defaultConfigurationName = Release;
		};
		BA0CDF532679F09F00C03149 /* Build configuration list for PBXNativeTarget "Apple-Frameworks" */ = {
			isa = XCConfigurationList;
			buildConfigurations = (
				BA0CDF542679F09F00C03149 /* Debug */,
				BA0CDF552679F09F00C03149 /* Release */,
			);
			defaultConfigurationIsVisible = 0;
			defaultConfigurationName = Release;
		};
/* End XCConfigurationList section */
	};
	rootObject = BA0CDF3C2679F09D00C03149 /* Project object */;
}
